
Microsoft Visual Studio Solution File, Format Version 12.00
# Visual Studio Version 16
VisualStudioVersion = 16.0.31321.278
MinimumVisualStudioVersion = 10.0.40219.1
Project("{FAE04EC0-301F-11D3-BF4B-00C04F79EFBC}") = "ProjetoFinal", "ProjetoFinal\ProjetoFinal.csproj", "{4054615F-2537-45F8-8A44-EE0F265918DB}"
EndProject
Global
	GlobalSection(SolutionConfigurationPlatforms) = preSolution
		Debug|Any CPU = Debug|Any CPU
		Release|Any CPU = Release|Any CPU
	EndGlobalSection
	GlobalSection(ProjectConfigurationPlatforms) = postSolution
		{4054615F-2537-45F8-8A44-EE0F265918DB}.Debug|Any CPU.ActiveCfg = Debug|Any CPU
		{4054615F-2537-45F8-8A44-EE0F265918DB}.Debug|Any CPU.Build.0 = Debug|Any CPU
		{4054615F-2537-45F8-8A44-EE0F265918DB}.Release|Any CPU.ActiveCfg = Release|Any CPU
		{4054615F-2537-45F8-8A44-EE0F265918DB}.Release|Any CPU.Build.0 = Release|Any CPU
	EndGlobalSection
	GlobalSection(SolutionProperties) = preSolution
		HideSolutionNode = FALSE
	EndGlobalSection
	GlobalSection(ExtensibilityGlobals) = postSolution
		SolutionGuid = {DAF79A19-48BB-4AF4-8A67-7189D1442873}
	EndGlobalSection
EndGlobal
